<Solution>
  <Project Path="../SnapshotNewsToday.Common/SnapshotNewsToday.Common.csproj" Id="2b6d5940-0258-47f0-8b33-0877a4baf675" />
  <Project Path="../SnapshotNewsToday.Data/SnapshotNewsToday.Data.csproj" Id="aa759583-b8a4-4d83-9d34-4a1f38bdf107" />
  <Project Path="SnapshotJob.Common/SnapshotJob.Common.csproj" Id="f1055be7-9e7f-45a0-8dc0-9a1710f14bb5" />
  <Project Path="SnapshotJob.Data/SnapshotJob.Data.csproj" Id="b3392419-2af0-458c-a73f-7f1abbbfdb9d" />
  <Project Path="SnapshotJob.Perplexity/SnapshotJob.Perplexity.csproj" Id="2b2a23ae-2d16-442d-a7d4-0b034127f14b" />
  <Project Path="SnapshotJob/SnapshotJob.csproj" Id="fd0f0faf-a532-4ba7-93ab-b789834cdbeb" />
</Solution>
